
Microsoft Visual Studio Solution File, Format Version 12.00
# Visual Studio Version 17
VisualStudioVersion = 17.14.35806.103
MinimumVisualStudioVersion = 10.0.40219.1
Project("{2150E333-8FDC-42A3-9474-1A3956D46DE8}") = "Application", "Application", "{02EA681E-C7D8-13C7-8484-4AC65E1B71E8}"
EndProject
Project("{2150E333-8FDC-42A3-9474-1A3956D46DE8}") = "Domain", "Domain", "{6C24F011-55F3-47C1-A661-E00E7198F186}"
EndProject
Project("{2150E333-8FDC-42A3-9474-1A3956D46DE8}") = "Infra.Ioc", "Infra.Ioc", "{CD9856ED-AEBA-459F-BAB0-6074E9A3FD35}"
EndProject
Project("{2150E333-8FDC-42A3-9474-1A3956D46DE8}") = "Infra.Data", "Infra.Data", "{836D09E3-7C28-4B46-A78C-FA80E330190B}"
EndProject
Project("{2150E333-8FDC-42A3-9474-1A3956D46DE8}") = "Presentation", "Presentation", "{A70DF86F-5ABA-4C9B-BD6A-2D57EBFBE635}"
EndProject
Project("{FAE04EC0-301F-11D3-BF4B-00C04F79EFBC}") = "Cleanarch.Mvc", "Cleanarch.Mvc\Cleanarch.Mvc.csproj", "{8C7E3B21-B6F1-4040-8FA8-A5BA2694242F}"
	ProjectSection(ProjectDependencies) = postProject
		{E1E3F12F-E778-4565-9FE9-9CC5BD1FAAA4} = {E1E3F12F-E778-4565-9FE9-9CC5BD1FAAA4}
	EndProjectSection
EndProject
Project("{FAE04EC0-301F-11D3-BF4B-00C04F79EFBC}") = "Cleanarch.Domain", "Cleanarch.Domain\Cleanarch.Domain.csproj", "{B8CE5EE1-0292-46F7-B442-AC075F01096D}"
EndProject
Project("{FAE04EC0-301F-11D3-BF4B-00C04F79EFBC}") = "Cleanarch.Infra.Data", "Cleanarch.Infra.Data\Cleanarch.Infra.Data.csproj", "{E1E3F12F-E778-4565-9FE9-9CC5BD1FAAA4}"
EndProject
Project("{FAE04EC0-301F-11D3-BF4B-00C04F79EFBC}") = "Cleanarch.Application", "Cleanarch.Application\Cleanarch.Application.csproj", "{1A02E9B5-FA50-4ACD-BE01-D74D4008B2EF}"
	ProjectSection(ProjectDependencies) = postProject
		{B8CE5EE1-0292-46F7-B442-AC075F01096D} = {B8CE5EE1-0292-46F7-B442-AC075F01096D}
	EndProjectSection
EndProject
Project("{FAE04EC0-301F-11D3-BF4B-00C04F79EFBC}") = "Cleanarch.Infra.Ioc", "Cleanarch.Infra.Ioc\Cleanarch.Infra.Ioc.csproj", "{7DC16C40-2CC1-48A1-8E17-E5E3A26FDFDF}"
EndProject
Global
	GlobalSection(SolutionConfigurationPlatforms) = preSolution
		Debug|Any CPU = Debug|Any CPU
		Release|Any CPU = Release|Any CPU
	EndGlobalSection
	GlobalSection(ProjectConfigurationPlatforms) = postSolution
		{8C7E3B21-B6F1-4040-8FA8-A5BA2694242F}.Debug|Any CPU.ActiveCfg = Debug|Any CPU
		{8C7E3B21-B6F1-4040-8FA8-A5BA2694242F}.Debug|Any CPU.Build.0 = Debug|Any CPU
		{8C7E3B21-B6F1-4040-8FA8-A5BA2694242F}.Release|Any CPU.ActiveCfg = Release|Any CPU
		{8C7E3B21-B6F1-4040-8FA8-A5BA2694242F}.Release|Any CPU.Build.0 = Release|Any CPU
		{B8CE5EE1-0292-46F7-B442-AC075F01096D}.Debug|Any CPU.ActiveCfg = Debug|Any CPU
		{B8CE5EE1-0292-46F7-B442-AC075F01096D}.Debug|Any CPU.Build.0 = Debug|Any CPU
		{B8CE5EE1-0292-46F7-B442-AC075F01096D}.Release|Any CPU.ActiveCfg = Release|Any CPU
		{B8CE5EE1-0292-46F7-B442-AC075F01096D}.Release|Any CPU.Build.0 = Release|Any CPU
		{E1E3F12F-E778-4565-9FE9-9CC5BD1FAAA4}.Debug|Any CPU.ActiveCfg = Debug|Any CPU
		{E1E3F12F-E778-4565-9FE9-9CC5BD1FAAA4}.Debug|Any CPU.Build.0 = Debug|Any CPU
		{E1E3F12F-E778-4565-9FE9-9CC5BD1FAAA4}.Release|Any CPU.ActiveCfg = Release|Any CPU
		{E1E3F12F-E778-4565-9FE9-9CC5BD1FAAA4}.Release|Any CPU.Build.0 = Release|Any CPU
		{1A02E9B5-FA50-4ACD-BE01-D74D4008B2EF}.Debug|Any CPU.ActiveCfg = Debug|Any CPU
		{1A02E9B5-FA50-4ACD-BE01-D74D4008B2EF}.Debug|Any CPU.Build.0 = Debug|Any CPU
		{1A02E9B5-FA50-4ACD-BE01-D74D4008B2EF}.Release|Any CPU.ActiveCfg = Release|Any CPU
		{1A02E9B5-FA50-4ACD-BE01-D74D4008B2EF}.Release|Any CPU.Build.0 = Release|Any CPU
		{7DC16C40-2CC1-48A1-8E17-E5E3A26FDFDF}.Debug|Any CPU.ActiveCfg = Debug|Any CPU
		{7DC16C40-2CC1-48A1-8E17-E5E3A26FDFDF}.Debug|Any CPU.Build.0 = Debug|Any CPU
		{7DC16C40-2CC1-48A1-8E17-E5E3A26FDFDF}.Release|Any CPU.ActiveCfg = Release|Any CPU
		{7DC16C40-2CC1-48A1-8E17-E5E3A26FDFDF}.Release|Any CPU.Build.0 = Release|Any CPU
	EndGlobalSection
	GlobalSection(SolutionProperties) = preSolution
		HideSolutionNode = FALSE
	EndGlobalSection
	GlobalSection(NestedProjects) = preSolution
		{8C7E3B21-B6F1-4040-8FA8-A5BA2694242F} = {A70DF86F-5ABA-4C9B-BD6A-2D57EBFBE635}
		{B8CE5EE1-0292-46F7-B442-AC075F01096D} = {6C24F011-55F3-47C1-A661-E00E7198F186}
		{E1E3F12F-E778-4565-9FE9-9CC5BD1FAAA4} = {836D09E3-7C28-4B46-A78C-FA80E330190B}
		{1A02E9B5-FA50-4ACD-BE01-D74D4008B2EF} = {02EA681E-C7D8-13C7-8484-4AC65E1B71E8}
		{7DC16C40-2CC1-48A1-8E17-E5E3A26FDFDF} = {CD9856ED-AEBA-459F-BAB0-6074E9A3FD35}
	EndGlobalSection
	GlobalSection(ExtensibilityGlobals) = postSolution
		SolutionGuid = {B5CA90EF-8BE0-4A76-85E7-4252D65634A0}
	EndGlobalSection
EndGlobal
